
Microsoft Visual Studio Solution File, Format Version 12.00
# Visual Studio Version 17
VisualStudioVersion = 17.8.34316.72
MinimumVisualStudioVersion = 10.0.40219.1
Project("{FAE04EC0-301F-11D3-BF4B-00C04F79EFBC}") = "Búvárrobot bajnoksága", "Búvárrobot bajnoksága\Búvárrobot bajnoksága.csproj", "{286B92BA-0409-483C-BA89-A3FF0044F1CB}"
EndProject
Global
	GlobalSection(SolutionConfigurationPlatforms) = preSolution
		Debug|Any CPU = Debug|Any CPU
		Release|Any CPU = Release|Any CPU
	EndGlobalSection
	GlobalSection(ProjectConfigurationPlatforms) = postSolution
		{286B92BA-0409-483C-BA89-A3FF0044F1CB}.Debug|Any CPU.ActiveCfg = Debug|Any CPU
		{286B92BA-0409-483C-BA89-A3FF0044F1CB}.Debug|Any CPU.Build.0 = Debug|Any CPU
		{286B92BA-0409-483C-BA89-A3FF0044F1CB}.Release|Any CPU.ActiveCfg = Release|Any CPU
		{286B92BA-0409-483C-BA89-A3FF0044F1CB}.Release|Any CPU.Build.0 = Release|Any CPU
	EndGlobalSection
	GlobalSection(SolutionProperties) = preSolution
		HideSolutionNode = FALSE
	EndGlobalSection
	GlobalSection(ExtensibilityGlobals) = postSolution
		SolutionGuid = {3774BB8D-A0E4-4DFD-8CF5-308AD12D026D}
	EndGlobalSection
EndGlobal
